
Microsoft Visual Studio Solution File, Format Version 12.00
# Visual Studio Version 17
VisualStudioVersion = 17.5.33414.496
MinimumVisualStudioVersion = 10.0.40219.1
Project("{9A19103F-16F7-4668-BE54-9A1E7A4F7556}") = "WebApplication1", "WebApplication1\WebApplication1.csproj", "{2C4F1B5D-5871-4A3F-BAF4-956FA4A32E02}"
EndProject
Project("{00D1A9C2-B5F0-4AF3-8072-F6C62B433612}") = "Pokedex_DB", "Pokedex_DB\Pokedex_DB.sqlproj", "{6A48483D-4AEE-4F30-9A88-3BFA1EEA17F9}"
EndProject
Project("{9A19103F-16F7-4668-BE54-9A1E7A4F7556}") = "PokedexBackend", "PokedexBackend\PokedexBackend.csproj", "{718A7E18-D226-400E-A25B-722F0FD6F4C3}"
EndProject
Global
	GlobalSection(SolutionConfigurationPlatforms) = preSolution
		Debug|Any CPU = Debug|Any CPU
		Release|Any CPU = Release|Any CPU
	EndGlobalSection
	GlobalSection(ProjectConfigurationPlatforms) = postSolution
		{2C4F1B5D-5871-4A3F-BAF4-956FA4A32E02}.Debug|Any CPU.ActiveCfg = Debug|Any CPU
		{2C4F1B5D-5871-4A3F-BAF4-956FA4A32E02}.Debug|Any CPU.Build.0 = Debug|Any CPU
		{2C4F1B5D-5871-4A3F-BAF4-956FA4A32E02}.Release|Any CPU.ActiveCfg = Release|Any CPU
		{2C4F1B5D-5871-4A3F-BAF4-956FA4A32E02}.Release|Any CPU.Build.0 = Release|Any CPU
		{6A48483D-4AEE-4F30-9A88-3BFA1EEA17F9}.Debug|Any CPU.ActiveCfg = Debug|Any CPU
		{6A48483D-4AEE-4F30-9A88-3BFA1EEA17F9}.Debug|Any CPU.Build.0 = Debug|Any CPU
		{6A48483D-4AEE-4F30-9A88-3BFA1EEA17F9}.Debug|Any CPU.Deploy.0 = Debug|Any CPU
		{6A48483D-4AEE-4F30-9A88-3BFA1EEA17F9}.Release|Any CPU.ActiveCfg = Release|Any CPU
		{6A48483D-4AEE-4F30-9A88-3BFA1EEA17F9}.Release|Any CPU.Build.0 = Release|Any CPU
		{6A48483D-4AEE-4F30-9A88-3BFA1EEA17F9}.Release|Any CPU.Deploy.0 = Release|Any CPU
		{718A7E18-D226-400E-A25B-722F0FD6F4C3}.Debug|Any CPU.ActiveCfg = Debug|Any CPU
		{718A7E18-D226-400E-A25B-722F0FD6F4C3}.Debug|Any CPU.Build.0 = Debug|Any CPU
		{718A7E18-D226-400E-A25B-722F0FD6F4C3}.Release|Any CPU.ActiveCfg = Release|Any CPU
		{718A7E18-D226-400E-A25B-722F0FD6F4C3}.Release|Any CPU.Build.0 = Release|Any CPU
	EndGlobalSection
	GlobalSection(SolutionProperties) = preSolution
		HideSolutionNode = FALSE
	EndGlobalSection
	GlobalSection(ExtensibilityGlobals) = postSolution
		SolutionGuid = {68527956-F5D0-4293-9299-FA70F80DFFFA}
	EndGlobalSection
EndGlobal
